lockfile_version: '1'
generated_at: '2026-07-18T23:19:36.955892+00:00'
apm_version: 0.24.1
dependencies:
- repo_url: mizchi/skills
  name: skills
  host: github.com
  resolved_commit: 7a0d72866a0bb3e9ac3e2768c328b09ba2bc40c4
  resolved_ref: 7a0d72866a0bb3e9ac3e2768c328b09ba2bc40c4
  version: unknown
  virtual_path: meta/empirical-prompt-tuning
  is_virtual: true
  package_type: claude_skill
  deployed_files:
  - .agents/skills/empirical-prompt-tuning
  - .agents/skills/empirical-prompt-tuning/README.md
  - .agents/skills/empirical-prompt-tuning/SKILL-ja.md
  - .agents/skills/empirical-prompt-tuning/SKILL.md
  deployed_file_hashes:
    .agents/skills/empirical-prompt-tuning/README.md: sha256:c7db7d27122bcffe416e5607700a7cd1778cad260d3e104c5bb6da7b7f976b3d
    .agents/skills/empirical-prompt-tuning/SKILL-ja.md: sha256:0a38d830802c2e08a7faca13928fedf6911e00b896946b4b03910d662de6dea5
    .agents/skills/empirical-prompt-tuning/SKILL.md: sha256:252418e7ef022981d2dda2e3ec57fa1c786d30af68c50b7e062edf1d7361b0cb
  content_hash: sha256:20e7fba93c7267ba6e3a7b27787ca49191b762dffcfb804b01da9183b1b0c891
local_deployed_files:
- .agents/skills/analyze-lethal-company
- .agents/skills/analyze-lethal-company/README.md
- .agents/skills/analyze-lethal-company/SKILL.md
- .agents/skills/analyze-lethal-company/agents/openai.yaml
- .agents/skills/analyze-lethal-company/references/efficient-full-enumeration.md
- .agents/skills/analyze-lethal-company/references/evidence-policy.md
- .agents/skills/analyze-lethal-company/references/exhaustive-seeds-and-lineage.md
- .agents/skills/analyze-lethal-company/references/reporting-and-review.md
- .agents/skills/analyze-lethal-company/references/unity-and-rng.md
- .agents/skills/analyze-lethal-company/scripts/inventory_build.py
- .agents/skills/analyze-lethal-company/scripts/inventory_build.py.lock
- .agents/skills/changelog-workflow
- .agents/skills/changelog-workflow/README.md
- .agents/skills/changelog-workflow/SKILL.md
- .agents/skills/changelog-workflow/agents/openai.yaml
- .agents/skills/code-quality-check
- .agents/skills/code-quality-check/README.md
- .agents/skills/code-quality-check/SKILL.md
- .agents/skills/code-quality-check/agents/openai.yaml
- .agents/skills/commit-message-quality-check
- .agents/skills/commit-message-quality-check/README.md
- .agents/skills/commit-message-quality-check/SKILL.md
- .agents/skills/commit-message-quality-check/agents/openai.yaml
- .agents/skills/document-quality-check
- .agents/skills/document-quality-check/README.md
- .agents/skills/document-quality-check/SKILL.md
- .agents/skills/document-quality-check/agents/openai.yaml
- .agents/skills/git-worktree-workflow
- .agents/skills/git-worktree-workflow/README.md
- .agents/skills/git-worktree-workflow/SKILL.md
- .agents/skills/git-worktree-workflow/agents/openai.yaml
- .agents/skills/github-actions-quality-check
- .agents/skills/github-actions-quality-check/README.md
- .agents/skills/github-actions-quality-check/SKILL.md
- .agents/skills/github-actions-quality-check/agents/openai.yaml
- .agents/skills/gitignore-workflow
- .agents/skills/gitignore-workflow/README.md
- .agents/skills/gitignore-workflow/SKILL.md
- .agents/skills/gitignore-workflow/agents/openai.yaml
- .agents/skills/issue-quality-check
- .agents/skills/issue-quality-check/README.md
- .agents/skills/issue-quality-check/SKILL.md
- .agents/skills/issue-quality-check/agents/openai.yaml
- .agents/skills/maintain-mod-documentation
- .agents/skills/maintain-mod-documentation/README.md
- .agents/skills/maintain-mod-documentation/SKILL.md
- .agents/skills/maintain-mod-documentation/agents/openai.yaml
- .agents/skills/manage-apm
- .agents/skills/manage-apm/README.md
- .agents/skills/manage-apm/SKILL.md
- .agents/skills/manage-apm/agents/openai.yaml
- .agents/skills/manage-apm/references/apm-bootstrap.json
- .agents/skills/manage-apm/references/apm-install.md
- .agents/skills/manage-apm/scripts/propose_bootstrap_update.py
- .agents/skills/manage-apm/scripts/propose_bootstrap_update.py.lock
- .agents/skills/minimal-primary-rollout
- .agents/skills/minimal-primary-rollout/README.md
- .agents/skills/minimal-primary-rollout/SKILL.md
- .agents/skills/minimal-primary-rollout/agents/openai.yaml
- .agents/skills/pull-request-quality-check
- .agents/skills/pull-request-quality-check/README.md
- .agents/skills/pull-request-quality-check/SKILL.md
- .agents/skills/pull-request-quality-check/agents/openai.yaml
- .agents/skills/pull-request-quality-check/references/fallback-pr-body.md
- .agents/skills/release-note-workflow
- .agents/skills/release-note-workflow/README.md
- .agents/skills/release-note-workflow/SKILL.md
- .agents/skills/release-note-workflow/agents/openai.yaml
- .agents/skills/security-check
- .agents/skills/security-check/README.md
- .agents/skills/security-check/SKILL.md
- .agents/skills/security-check/agents/openai.yaml
- .agents/skills/security-check/references/external-code-execution.md
- .agents/skills/skill-quality-check
- .agents/skills/skill-quality-check/README.md
- .agents/skills/skill-quality-check/SKILL.md
- .agents/skills/skill-quality-check/agents/openai.yaml
- .agents/skills/skill-quality-check/references/authoring-best-practices.md
local_deployed_file_hashes:
  .agents/skills/analyze-lethal-company/README.md: sha256:cb3145913454243c409c7cbdf1f723ffb7c0472633ce8e5dc36bb2918e0e5467
  .agents/skills/analyze-lethal-company/SKILL.md: sha256:f1b4ff2f1b51e4602a28a0ca2d41f943569b8820ae1717c650a9bc3ca81a2c3e
  .agents/skills/analyze-lethal-company/agents/openai.yaml: sha256:cc9e2f28f3c31126639076dcd57d7418f68a786a5218485380b6da2c7cd61aa0
  .agents/skills/analyze-lethal-company/references/efficient-full-enumeration.md: sha256:afdfc6f9704c7cb4d957eccb7e9301972d3e9afea5657363a6fdabc5a010071a
  .agents/skills/analyze-lethal-company/references/evidence-policy.md: sha256:cca856ad89f907d429609fb0a6560c3050cc0a30fe8e400fc049f70296dc27f8
  .agents/skills/analyze-lethal-company/references/exhaustive-seeds-and-lineage.md: sha256:9c377e08e66f842c7f565615f7ac57aee937a8425bc8f3b8d623ca3cb5dcae18
  .agents/skills/analyze-lethal-company/references/reporting-and-review.md: sha256:8a3c186da5bf6e2adc8184159f6cafffea2bbbf0ddfe529ccec842ff6dfec4c8
  .agents/skills/analyze-lethal-company/references/unity-and-rng.md: sha256:a351ef0d2d663580734d6dc7a72be3bfa2bae0ca29052d6c710fdf6ea3462eab
  .agents/skills/analyze-lethal-company/scripts/inventory_build.py: sha256:8b93aa49165b8f0f406321336fbe08c7383677b13d0049af76fc64ec2313bddd
  .agents/skills/analyze-lethal-company/scripts/inventory_build.py.lock: sha256:016afc221516f1724533f1623ec77ef8a9a80c06a1ffae431f32f5e063e59986
  .agents/skills/changelog-workflow/README.md: sha256:047655019242f6777413d831376bbe0864e5f549002837ea0c3ed88fcb25442b
  .agents/skills/changelog-workflow/SKILL.md: sha256:8fa4f9cddba329396cda8ea00f5e1ac3bb377f0f229c34f80a57b48f04b5f615
  .agents/skills/changelog-workflow/agents/openai.yaml: sha256:6264e6dbd0433ab63370e15033ecb94da8dd131c4edcb1d3f2b9abdeb4f680f1
  .agents/skills/code-quality-check/README.md: sha256:acd0c6433507c590c55291a898e4926ea0cdbf4a016bc6cb68fcc60c6bd9feae
  .agents/skills/code-quality-check/SKILL.md: sha256:43cb6ff0a685e68af90fdc3e724a628312c755c7c94057809845375b0cc544cf
  .agents/skills/code-quality-check/agents/openai.yaml: sha256:69a8a75579e3b47dc69a176417b97441adf81bc54984d3f6bc114e47a68bc9b3
  .agents/skills/commit-message-quality-check/README.md: sha256:cd9543db024e7d743cac8c6b501d38cda172eb065dc5f748892692e7d2bbb3b2
  .agents/skills/commit-message-quality-check/SKILL.md: sha256:8f3a31aee818171304a58684b8ef01a237ef0863f6fc09718eb1d693ea8464da
  .agents/skills/commit-message-quality-check/agents/openai.yaml: sha256:faffd948a0989dcfc87dcd3b0580c4a7003d01ef436e66dab9f280df57de652c
  .agents/skills/document-quality-check/README.md: sha256:5826315f88865c5beed3d01ee572a8a9f62e0643a29277a46690bfb31891b656
  .agents/skills/document-quality-check/SKILL.md: sha256:58c652ba15b5ddb57497c78c10e5c49fafdbfe386791e64489835351cc037855
  .agents/skills/document-quality-check/agents/openai.yaml: sha256:63ba78ceeea9d777d2280e8273fc9d3ab6e38548b163d8fb5fdfc534dd701d5c
  .agents/skills/git-worktree-workflow/README.md: sha256:d7177dc3a108ff0cc6eec8c8d7b5c016f0d4d2d0c4416e97c81efac5a7e6849b
  .agents/skills/git-worktree-workflow/SKILL.md: sha256:e6e453e43e2036309381cf11ded6499de03281e1b7bbb43b6aba05de59d6ba5b
  .agents/skills/git-worktree-workflow/agents/openai.yaml: sha256:3eb9da73e7a041e77d82f0d5c3a8c67e914575cff8651b71d077db30fe3da99a
  .agents/skills/github-actions-quality-check/README.md: sha256:966b3839913d653801fbba11c1c5e6290bb9bbb0512860c98b089751f44d89fb
  .agents/skills/github-actions-quality-check/SKILL.md: sha256:44fabfcb02b665796cc523b19516cfa3fc1713a106d5c69ebd2520a75e83377a
  .agents/skills/github-actions-quality-check/agents/openai.yaml: sha256:63b8022771cf5e036033c39fd700adf14b1ab23f7df78699474e472a7c28e73d
  .agents/skills/gitignore-workflow/README.md: sha256:7a3618eaadf721395f66af26a8d45aa8ab1a666991d1363384f0e9b51dc1d84b
  .agents/skills/gitignore-workflow/SKILL.md: sha256:727549890e7d5e54534098c36aa793dee3e491da307120a8c59ba6a42e8ce456
  .agents/skills/gitignore-workflow/agents/openai.yaml: sha256:f6a9b176003028588ff4c1d9ee4e23c625892d00b65086bf4b6b26a3f896030d
  .agents/skills/issue-quality-check/README.md: sha256:43cf1588d9e3f5a2c4f8b724c8fca8f70b0f95c17d0d152999c94abba4da65bb
  .agents/skills/issue-quality-check/SKILL.md: sha256:ff8f3c5e5c3e7455a99cf9f5e59c6087943b6936d1fe55c02c1abcc5a79a858a
  .agents/skills/issue-quality-check/agents/openai.yaml: sha256:e54aa6bbae7cf7d2cf57a95e5749cc1527238295e420ac00d96902ce114e9cdb
  .agents/skills/maintain-mod-documentation/README.md: sha256:5219af1a63302f164cbbec3333fe09f2f6fdbb75d90c2288b17ee70cf41a2ca4
  .agents/skills/maintain-mod-documentation/SKILL.md: sha256:ae342b4190970d8bd0dafcca594ab72b1e08703055a6c6dc7c096b340113c40f
  .agents/skills/maintain-mod-documentation/agents/openai.yaml: sha256:bbf51f1317a6a574f4ef9eeb3efe4bd43c55f9e35755591769ccbaf7a45c7dac
  .agents/skills/manage-apm/README.md: sha256:fe03ae344b172def21da04e2c80d2969b8ceab987e95eb721ccce514e1eda17e
  .agents/skills/manage-apm/SKILL.md: sha256:8a749c7eb8a16d35c6e2d7ebefac6aa1a90018a91a06e0dcc5f8e0c53788b34d
  .agents/skills/manage-apm/agents/openai.yaml: sha256:02e1231f9d16ff4185a55e03a664dcc86ac18d64fb8c1616c7fb6e64f2abcc8b
  .agents/skills/manage-apm/references/apm-bootstrap.json: sha256:3f0be975b2c72da161bc9e65eb57b66f0b0554827d21b37017928e4e858a5c17
  .agents/skills/manage-apm/references/apm-install.md: sha256:25132995b7a2ba2ce5092e543d5c8449d5c78a312f68a39a7338e112d018850d
  .agents/skills/manage-apm/scripts/propose_bootstrap_update.py: sha256:fedff0c9e05241ee189b73dd9c31ed726349c1494a7e03e883757846dc45a5e3
  .agents/skills/manage-apm/scripts/propose_bootstrap_update.py.lock: sha256:016afc221516f1724533f1623ec77ef8a9a80c06a1ffae431f32f5e063e59986
  .agents/skills/minimal-primary-rollout/README.md: sha256:c9587cc3e2ebb41bbafc57a457476a7b23b3d9d4b48f7bf23f85f0ce95cf3d6d
  .agents/skills/minimal-primary-rollout/SKILL.md: sha256:f4de12c0999cf442a16717c10dbd43bcef97222988c54897db2d0fa705f59b72
  .agents/skills/minimal-primary-rollout/agents/openai.yaml: sha256:e885a9cb923af5c7d0ecbc564d2fb0ecf9bfbcd3a44b7998591ec6c548259164
  .agents/skills/pull-request-quality-check/README.md: sha256:93611c510f9438099fbfc58e8de52082904d24da8237363eca23ce7579e1b041
  .agents/skills/pull-request-quality-check/SKILL.md: sha256:e717f318ddd2d48eece10565adce167784c6d5401860c961fdb8ef7ce885c644
  .agents/skills/pull-request-quality-check/agents/openai.yaml: sha256:1ddb931336ca5ce10b9accf92787e36168c1c71a4b999bd85f130144e778bfa4
  .agents/skills/pull-request-quality-check/references/fallback-pr-body.md: sha256:34a6301a37d682b3f0d9aaf1b4cd9e4e5522c283db66ddc79b8c01ae997904a7
  .agents/skills/release-note-workflow/README.md: sha256:d8704638ffc9739ff71929e1a428d37f52e19b793a91a0c2f2078babb9ff4184
  .agents/skills/release-note-workflow/SKILL.md: sha256:66670061065cf187bd03c908193baf042dab2db52b06b5e81f9632222f7ddf3b
  .agents/skills/release-note-workflow/agents/openai.yaml: sha256:4413fdfcae90efd6d4de975f2e7c53625bdf1e214a32e1b54a65fff9f6258453
  .agents/skills/security-check/README.md: sha256:06f3d4209783895e1af14974c71e37150cbe40737012298038f0b4ba8b3ac446
  .agents/skills/security-check/SKILL.md: sha256:7562de775c028cdb048616910378df51e17ad7517d24849a9b735c53053c4933
  .agents/skills/security-check/agents/openai.yaml: sha256:87edf0cc1e8717194d0c536f2d5ac0cc1ac9ec04402311d34e953d2e2b23fa19
  .agents/skills/security-check/references/external-code-execution.md: sha256:87ca817baa02ef6b955e5878f0cd79c875abdb0be6e0177cfce158968e628bc3
  .agents/skills/skill-quality-check/README.md: sha256:d805fc4e64700cefb01e9101aa6861d320346d2937b937aba8bbebbff94e70a9
  .agents/skills/skill-quality-check/SKILL.md: sha256:5d74dcf88ecb7f1f32f7a3c68542273d69d8e88ad6728bdd44a07f50c8fd83d8
  .agents/skills/skill-quality-check/agents/openai.yaml: sha256:dde624797ed750b9132f45378710cb6ea182a35705551b45d4b862bb6ce85805
  .agents/skills/skill-quality-check/references/authoring-best-practices.md: sha256:ee99db4ccc2c963d428d82ddc36a45fede2d26dcf15bc6bbfd1a0347c28ffd63
