lockfile_version: '1'
generated_at: '2026-07-19T17:30:58.204308+00:00'
apm_version: 0.24.1
dependencies:
- repo_url: mizchi/skills
  name: skills
  host: github.com
  resolved_commit: 7a0d72866a0bb3e9ac3e2768c328b09ba2bc40c4
  resolved_ref: 7a0d72866a0bb3e9ac3e2768c328b09ba2bc40c4
  version: unknown
  virtual_path: meta/empirical-prompt-tuning
  is_virtual: true
  package_type: claude_skill
  deployed_files:
  - .agents/skills/empirical-prompt-tuning
  - .agents/skills/empirical-prompt-tuning/README.md
  - .agents/skills/empirical-prompt-tuning/SKILL-ja.md
  - .agents/skills/empirical-prompt-tuning/SKILL.md
  deployed_file_hashes:
    .agents/skills/empirical-prompt-tuning/README.md: sha256:c7db7d27122bcffe416e5607700a7cd1778cad260d3e104c5bb6da7b7f976b3d
    .agents/skills/empirical-prompt-tuning/SKILL-ja.md: sha256:0a38d830802c2e08a7faca13928fedf6911e00b896946b4b03910d662de6dea5
    .agents/skills/empirical-prompt-tuning/SKILL.md: sha256:252418e7ef022981d2dda2e3ec57fa1c786d30af68c50b7e062edf1d7361b0cb
  content_hash: sha256:20e7fba93c7267ba6e3a7b27787ca49191b762dffcfb804b01da9183b1b0c891
  is_dev: true
local_deployed_files:
- .agents/skills/apm-usage
- .agents/skills/apm-usage/README.md
- .agents/skills/apm-usage/SKILL.md
- .agents/skills/apm-usage/agents/openai.yaml
- .agents/skills/apm-usage/references/apm-bootstrap.json
- .agents/skills/apm-usage/scripts/propose_bootstrap_update.py
- .agents/skills/apm-usage/scripts/propose_bootstrap_update.py.lock
- .agents/skills/bepinex-mono-mod-quality-check
- .agents/skills/bepinex-mono-mod-quality-check/README.md
- .agents/skills/bepinex-mono-mod-quality-check/SKILL.md
- .agents/skills/bepinex-mono-mod-quality-check/agents/openai.yaml
- .agents/skills/bepinex-mono-mod-quality-check/assets/github/actions/generate-version/action.yml
- .agents/skills/bepinex-mono-mod-quality-check/assets/github/actions/publish-thunderstore/action.yml
- .agents/skills/bepinex-mono-mod-quality-check/assets/github/actions/publish-thunderstore/publish-thunderstore.sh
- .agents/skills/bepinex-mono-mod-quality-check/assets/github/pull_request_template.md
- .agents/skills/bepinex-mono-mod-quality-check/assets/github/workflows/build.yml.template
- .agents/skills/bepinex-mono-mod-quality-check/assets/github/workflows/lint.yml.template
- .agents/skills/bepinex-mono-mod-quality-check/assets/github/workflows/workflow-variables.example.json
- .agents/skills/bepinex-mono-mod-quality-check/assets/repository/.gitattributes
- .agents/skills/bepinex-mono-mod-quality-check/assets/repository/.gitignore.template
- .agents/skills/bepinex-mono-mod-quality-check/assets/repository/.markdownlint-cli2.yaml
- .agents/skills/bepinex-mono-mod-quality-check/assets/repository/CONTRIBUTING.md
- .agents/skills/bepinex-mono-mod-quality-check/assets/template-map.json
- .agents/skills/bepinex-mono-mod-quality-check/references/canonical-templates.md
- .agents/skills/bepinex-mono-mod-quality-check/references/implementation-runbook.md
- .agents/skills/bepinex-mono-mod-quality-check/references/repository-derived-baseline.md
- .agents/skills/bepinex-mono-mod-quality-check/references/repository-quality-template.md
- .agents/skills/bepinex-mono-mod-quality-check/scripts/render_workflows.ps1
- .agents/skills/bepinex-mono-mod-quality-check/scripts/sync_templates.ps1
- .agents/skills/changelog-workflow
- .agents/skills/changelog-workflow/README.md
- .agents/skills/changelog-workflow/SKILL.md
- .agents/skills/changelog-workflow/agents/openai.yaml
- .agents/skills/code-quality-check
- .agents/skills/code-quality-check/README.md
- .agents/skills/code-quality-check/SKILL.md
- .agents/skills/code-quality-check/agents/openai.yaml
- .agents/skills/commit-message-quality-check
- .agents/skills/commit-message-quality-check/README.md
- .agents/skills/commit-message-quality-check/SKILL.md
- .agents/skills/commit-message-quality-check/agents/openai.yaml
- .agents/skills/flet-project-quality-check
- .agents/skills/flet-project-quality-check/README.md
- .agents/skills/flet-project-quality-check/SKILL.md
- .agents/skills/flet-project-quality-check/agents/openai.yaml
- .agents/skills/flet-project-quality-check/references/architecture-and-ui.md
- .agents/skills/flet-project-quality-check/references/ci-packaging-security.md
- .agents/skills/flet-project-quality-check/references/implementation-runbook.md
- .agents/skills/flet-project-quality-check/references/tooling-and-testing.md
- .agents/skills/flet-project-quality-check/scripts/check_project.py
- .agents/skills/flet-project-quality-check/scripts/check_project.py.lock
- .agents/skills/flet-project-quality-check/scripts/test_check_project.py
- .agents/skills/git-worktree-workflow
- .agents/skills/git-worktree-workflow/README.md
- .agents/skills/git-worktree-workflow/SKILL.md
- .agents/skills/git-worktree-workflow/agents/openai.yaml
- .agents/skills/github-actions-quality-check
- .agents/skills/github-actions-quality-check/README.md
- .agents/skills/github-actions-quality-check/SKILL.md
- .agents/skills/github-actions-quality-check/agents/openai.yaml
- .agents/skills/github-actions-quality-check/references/runner-selection.md
- .agents/skills/gitignore-workflow
- .agents/skills/gitignore-workflow/README.md
- .agents/skills/gitignore-workflow/SKILL.md
- .agents/skills/gitignore-workflow/agents/openai.yaml
- .agents/skills/issue-quality-check
- .agents/skills/issue-quality-check/README.md
- .agents/skills/issue-quality-check/SKILL.md
- .agents/skills/issue-quality-check/agents/openai.yaml
- .agents/skills/lethal-company-analyze
- .agents/skills/lethal-company-analyze/README.md
- .agents/skills/lethal-company-analyze/SKILL.md
- .agents/skills/lethal-company-analyze/agents/openai.yaml
- .agents/skills/lethal-company-analyze/references/efficient-full-enumeration.md
- .agents/skills/lethal-company-analyze/references/evidence-policy.md
- .agents/skills/lethal-company-analyze/references/exhaustive-seeds-and-lineage.md
- .agents/skills/lethal-company-analyze/references/reporting-and-review.md
- .agents/skills/lethal-company-analyze/references/rng-and-runtime-modeling.md
- .agents/skills/prose-quality-check
- .agents/skills/prose-quality-check/README.md
- .agents/skills/prose-quality-check/SKILL.md
- .agents/skills/prose-quality-check/agents/openai.yaml
- .agents/skills/pull-request-quality-check
- .agents/skills/pull-request-quality-check/README.md
- .agents/skills/pull-request-quality-check/SKILL.md
- .agents/skills/pull-request-quality-check/agents/openai.yaml
- .agents/skills/pull-request-quality-check/references/fallback-pr-body.md
- .agents/skills/release-note-workflow
- .agents/skills/release-note-workflow/README.md
- .agents/skills/release-note-workflow/SKILL.md
- .agents/skills/release-note-workflow/agents/openai.yaml
- .agents/skills/rollout-workflow
- .agents/skills/rollout-workflow/README.md
- .agents/skills/rollout-workflow/SKILL.md
- .agents/skills/rollout-workflow/agents/openai.yaml
- .agents/skills/security-check
- .agents/skills/security-check/README.md
- .agents/skills/security-check/SKILL.md
- .agents/skills/security-check/agents/openai.yaml
- .agents/skills/security-check/references/artifact-inspection.md
- .agents/skills/security-check/references/external-code-execution.md
- .agents/skills/skill-quality-check
- .agents/skills/skill-quality-check/README.md
- .agents/skills/skill-quality-check/SKILL.md
- .agents/skills/skill-quality-check/agents/openai.yaml
- .agents/skills/skill-quality-check/references/authoring-best-practices.md
- .agents/skills/software-documentation-maintenance
- .agents/skills/software-documentation-maintenance/README.md
- .agents/skills/software-documentation-maintenance/SKILL.md
- .agents/skills/software-documentation-maintenance/agents/openai.yaml
- .agents/skills/unity-game-analyze
- .agents/skills/unity-game-analyze/README.md
- .agents/skills/unity-game-analyze/SKILL.md
- .agents/skills/unity-game-analyze/agents/openai.yaml
- .agents/skills/unity-game-analyze/references/code-tracing.md
- .agents/skills/unity-game-analyze/references/evidence-handoff.md
- .agents/skills/unity-game-analyze/references/serialized-assets.md
- .agents/skills/unity-game-analyze/scripts/inventory_build.py
- .agents/skills/unity-game-analyze/scripts/inventory_build.py.lock
local_deployed_file_hashes:
  .agents/skills/apm-usage/README.md: sha256:70351aaebf54291433dfcff86280e87edc757ff4e93e506aa1e8f06a0b913f06
  .agents/skills/apm-usage/SKILL.md: sha256:531cf05b398b76bc2b030911b17ecd9c824fb58f53d14f5105a74631bd0b04f1
  .agents/skills/apm-usage/agents/openai.yaml: sha256:931ed250f3abe81dcad27da5b668d7546cd65f528cd37de754dee4c9df1905e0
  .agents/skills/apm-usage/references/apm-bootstrap.json: sha256:3f0be975b2c72da161bc9e65eb57b66f0b0554827d21b37017928e4e858a5c17
  .agents/skills/apm-usage/scripts/propose_bootstrap_update.py: sha256:e29c8a695d1a0d8f9c44b612a58c9462e55f754ef8b739ff7f01d4e1dc2d7530
  .agents/skills/apm-usage/scripts/propose_bootstrap_update.py.lock: sha256:016afc221516f1724533f1623ec77ef8a9a80c06a1ffae431f32f5e063e59986
  .agents/skills/bepinex-mono-mod-quality-check/README.md: sha256:5efe73b049fe5fae2687e98f7e6b4cf9cba9ad316254bbe7dfe38f9afb4149c2
  .agents/skills/bepinex-mono-mod-quality-check/SKILL.md: sha256:3f439baecc783d3c7f73795b4be5326921bdf50225abe41fea2ab64be284260e
  .agents/skills/bepinex-mono-mod-quality-check/agents/openai.yaml: sha256:51cd63666bc30d2e936c90eb442decd1e631602382d20a363002174e5db4b5ba
  .agents/skills/bepinex-mono-mod-quality-check/assets/github/actions/generate-version/action.yml: sha256:740ff4799955773e299e1a2aaf3f2f4c85d5b287ce5aeb3712cef2a3f963b610
  .agents/skills/bepinex-mono-mod-quality-check/assets/github/actions/publish-thunderstore/action.yml: sha256:aa75302334d13b50b76696e3759f1b0723f2262ae724103bb01515713d311329
  .agents/skills/bepinex-mono-mod-quality-check/assets/github/actions/publish-thunderstore/publish-thunderstore.sh: sha256:1801d6c68370a3c0de36d3910f6e9cbc319654669974365f8f52df759ee16023
  .agents/skills/bepinex-mono-mod-quality-check/assets/github/pull_request_template.md: sha256:7e76e5b61d9cfb448400518e6f7ca8e4c268d642fbf6173a75287ca0946ae9fc
  .agents/skills/bepinex-mono-mod-quality-check/assets/github/workflows/build.yml.template: sha256:4a322f0cb9577b306d3f35a07b118d7f81cb259b74d662d8a2cbedc15ba1d0a4
  .agents/skills/bepinex-mono-mod-quality-check/assets/github/workflows/lint.yml.template: sha256:f632f1f716a161b6f068e9dbe0313a435873fc3f31687aae09152a98749a4753
  .agents/skills/bepinex-mono-mod-quality-check/assets/github/workflows/workflow-variables.example.json: sha256:9a3d19ece06e353022665803d22e7bc95e59a4259c422db926d9b366beb7d789
  .agents/skills/bepinex-mono-mod-quality-check/assets/repository/.gitattributes: sha256:2b68c0cf28e58a65b9c842bb1f5733c32fe65e519c359c16b4081e8b21182e1e
  .agents/skills/bepinex-mono-mod-quality-check/assets/repository/.gitignore.template: sha256:b139f97f286519249eb7f5b381827926a8fd18bedf29322e918195634bc5f2ee
  .agents/skills/bepinex-mono-mod-quality-check/assets/repository/.markdownlint-cli2.yaml: sha256:1044e29915fe15e9083f808d1170c84cfc0b848123c0da435cabb9512d39c203
  .agents/skills/bepinex-mono-mod-quality-check/assets/repository/CONTRIBUTING.md: sha256:5e12a7e96f8739d8d72f38d02efc8ceea131ac999101fb9c9cd0206cebd71ce3
  .agents/skills/bepinex-mono-mod-quality-check/assets/template-map.json: sha256:ebc85ebbd44d94f986568d5ae294c4adfa6843b59d440f1fa674fe137407891c
  .agents/skills/bepinex-mono-mod-quality-check/references/canonical-templates.md: sha256:0e57867851a41a4847dec472b5452ab05f1bc5823b148cd89d349c7f080dab22
  .agents/skills/bepinex-mono-mod-quality-check/references/implementation-runbook.md: sha256:8cbacb2c3e7dbdec4bb8fc7d128ec2617bc1a821fed30bc5a14fe8556cb8d021
  .agents/skills/bepinex-mono-mod-quality-check/references/repository-derived-baseline.md: sha256:021ed0bd0329ef1833711bf320834aab69f96d7a65e3788e1b4a61d7ae07641a
  .agents/skills/bepinex-mono-mod-quality-check/references/repository-quality-template.md: sha256:7e5f792690bbf396876c9ac933e67aa471362a109808b779cb76962bb81c9eb6
  .agents/skills/bepinex-mono-mod-quality-check/scripts/render_workflows.ps1: sha256:f1504f339f4b17f5977f784f1e6c093c43fa8a5869dc14e84d7d0c9f508ff9ff
  .agents/skills/bepinex-mono-mod-quality-check/scripts/sync_templates.ps1: sha256:570d34b44120d7391c92e97220efb999d50aa42236f9c02286a682140955b37b
  .agents/skills/changelog-workflow/README.md: sha256:7ef8167d26522d95f62b9f11d752487d62b6bfdae05850315189fbe2a19fed83
  .agents/skills/changelog-workflow/SKILL.md: sha256:322f1eb9132c282ddafbcfd2b1c6f7f8186a11bc6602ef1f7db3beab9e916744
  .agents/skills/changelog-workflow/agents/openai.yaml: sha256:6264e6dbd0433ab63370e15033ecb94da8dd131c4edcb1d3f2b9abdeb4f680f1
  .agents/skills/code-quality-check/README.md: sha256:b2cfd8bf9c3c7bd16cf86718877fa025396d15a380de88045122c4d162682cc2
  .agents/skills/code-quality-check/SKILL.md: sha256:30d64d4b25d9be96567f3e5f7106609e1a4d9a32b3c3d520d4b3aca459631990
  .agents/skills/code-quality-check/agents/openai.yaml: sha256:69a8a75579e3b47dc69a176417b97441adf81bc54984d3f6bc114e47a68bc9b3
  .agents/skills/commit-message-quality-check/README.md: sha256:c23949080d05f47cce728410ca3190225397aa41ac2015c6f02ee478ec412a24
  .agents/skills/commit-message-quality-check/SKILL.md: sha256:8f3a31aee818171304a58684b8ef01a237ef0863f6fc09718eb1d693ea8464da
  .agents/skills/commit-message-quality-check/agents/openai.yaml: sha256:faffd948a0989dcfc87dcd3b0580c4a7003d01ef436e66dab9f280df57de652c
  .agents/skills/flet-project-quality-check/README.md: sha256:2decda6cca135c83c5b81bbdc52abc002a47ed5163e56871b3421c6c7ccb948a
  .agents/skills/flet-project-quality-check/SKILL.md: sha256:35780c3dbf9736bdcb2542802f75f579a41bc0d64e1d052b8c5d75264f733613
  .agents/skills/flet-project-quality-check/agents/openai.yaml: sha256:87eb0740c7ee3001db763e18b2cb1e5e0cd58a94c7915b73fcbc23ccd97d371e
  .agents/skills/flet-project-quality-check/references/architecture-and-ui.md: sha256:8a2525039d7fb369fc1e651c4c8849d72de0506163c0939e57ee937a9f259e31
  .agents/skills/flet-project-quality-check/references/ci-packaging-security.md: sha256:8fb665009b6c769cba0defdb422208ff66972eef34a1a59e32d598fcce18e523
  .agents/skills/flet-project-quality-check/references/implementation-runbook.md: sha256:7e4bf4366e2be29d4f9697605439db86f2df0fe6e3d9147909cd786bf440aeb0
  .agents/skills/flet-project-quality-check/references/tooling-and-testing.md: sha256:244481b95cfc88e1da8044c7e50b92be611fe1799171cb1892daf89228a54cc4
  .agents/skills/flet-project-quality-check/scripts/check_project.py: sha256:8afc799a9bed2ce6003c7b43b4b67b3a96f381604ad43bdb19921a222be14c64
  .agents/skills/flet-project-quality-check/scripts/check_project.py.lock: sha256:76042d39ffdbb675188966b4fc41d312b0ec9374a7aa438d4f5e919adcf04c07
  .agents/skills/flet-project-quality-check/scripts/test_check_project.py: sha256:e60cd5e1d92d15f6fb79dc73e042310bca048d4144614f59f2a44cf13a6c92c5
  .agents/skills/git-worktree-workflow/README.md: sha256:fa6483b5919a01b84fa0d6ffcbaae20b84ed3807e18029e8807e61b0ee4f9de9
  .agents/skills/git-worktree-workflow/SKILL.md: sha256:5b68551b1eccf3c7da5bd771178be735a01c5eb612c25c91584ffbd88fd3ffef
  .agents/skills/git-worktree-workflow/agents/openai.yaml: sha256:3eb9da73e7a041e77d82f0d5c3a8c67e914575cff8651b71d077db30fe3da99a
  .agents/skills/github-actions-quality-check/README.md: sha256:a0767309bb84d170bc30070099a9f091b4c67cc00f790da88799685ab6bbaf5e
  .agents/skills/github-actions-quality-check/SKILL.md: sha256:cdd5aa812c887169e4e8e51e2f6035e0e0b30f944eaeaa088d81c52f435579f0
  .agents/skills/github-actions-quality-check/agents/openai.yaml: sha256:63b8022771cf5e036033c39fd700adf14b1ab23f7df78699474e472a7c28e73d
  .agents/skills/github-actions-quality-check/references/runner-selection.md: sha256:88743b114948ba4b743b441192d44e61b65f4ce5748044c5a2a93d169313aecd
  .agents/skills/gitignore-workflow/README.md: sha256:0de188ebcdd40ea1aec701410e1c2182049b66bc4ec4d83a3bf55685b4267d47
  .agents/skills/gitignore-workflow/SKILL.md: sha256:727549890e7d5e54534098c36aa793dee3e491da307120a8c59ba6a42e8ce456
  .agents/skills/gitignore-workflow/agents/openai.yaml: sha256:f6a9b176003028588ff4c1d9ee4e23c625892d00b65086bf4b6b26a3f896030d
  .agents/skills/issue-quality-check/README.md: sha256:c4b5915483347d84053b37076071b9f5367caa38e75ed5d1821d0cbe201cc59c
  .agents/skills/issue-quality-check/SKILL.md: sha256:15d0bd7ee53fad247f0f8354803f4c209ae32dcb57fb823be68814a4aeeaf743
  .agents/skills/issue-quality-check/agents/openai.yaml: sha256:e54aa6bbae7cf7d2cf57a95e5749cc1527238295e420ac00d96902ce114e9cdb
  .agents/skills/lethal-company-analyze/README.md: sha256:25274fc0d0155864c4e421d315a1b91d21cc203a4c75e25a740c17f04f9387d6
  .agents/skills/lethal-company-analyze/SKILL.md: sha256:109162321ed3b61bf20fe14fc5116aa96aa126c79ccc92f063d3ddbb744bba13
  .agents/skills/lethal-company-analyze/agents/openai.yaml: sha256:fb80fc51dba972198601c2ec76805752f34a214bbd9a73d4bbdff7e8165ad0bf
  .agents/skills/lethal-company-analyze/references/efficient-full-enumeration.md: sha256:afdfc6f9704c7cb4d957eccb7e9301972d3e9afea5657363a6fdabc5a010071a
  .agents/skills/lethal-company-analyze/references/evidence-policy.md: sha256:cca856ad89f907d429609fb0a6560c3050cc0a30fe8e400fc049f70296dc27f8
  .agents/skills/lethal-company-analyze/references/exhaustive-seeds-and-lineage.md: sha256:9c377e08e66f842c7f565615f7ac57aee937a8425bc8f3b8d623ca3cb5dcae18
  .agents/skills/lethal-company-analyze/references/reporting-and-review.md: sha256:8a3c186da5bf6e2adc8184159f6cafffea2bbbf0ddfe529ccec842ff6dfec4c8
  .agents/skills/lethal-company-analyze/references/rng-and-runtime-modeling.md: sha256:16bfd80e576715bf7a0248a095c412faea18cda034bc244189dcb729b7b7638b
  .agents/skills/prose-quality-check/README.md: sha256:8e4d9f8f8fdfba1cf7fe71fa88cac6baffa0d3c7616f744c0e3b1add102be5e7
  .agents/skills/prose-quality-check/SKILL.md: sha256:89f553473800fae3801ccfc9cd2a0a58bc647d17663bc39cd653bff4442367fd
  .agents/skills/prose-quality-check/agents/openai.yaml: sha256:b83e0a5d151e6e20df6f7d97f268955c6abfd105d53820f6baad0de8403fc062
  .agents/skills/pull-request-quality-check/README.md: sha256:5c15de701adc508b9dd828846317f47b0f5b925c5a8842b6c32b4d9e3946e11f
  .agents/skills/pull-request-quality-check/SKILL.md: sha256:78f8002a01787778fa88edf55e8f179db697436d8abbad3d27ed0178402f26cc
  .agents/skills/pull-request-quality-check/agents/openai.yaml: sha256:1ddb931336ca5ce10b9accf92787e36168c1c71a4b999bd85f130144e778bfa4
  .agents/skills/pull-request-quality-check/references/fallback-pr-body.md: sha256:b381d75f9d1f525ce72f594b1cd8a8de37539bf29c5750c139bbd7113f606dfc
  .agents/skills/release-note-workflow/README.md: sha256:2317bd380a014d3d7b469d95f2d2b8a36f6f4eccad947c265e3653e35a9f6394
  .agents/skills/release-note-workflow/SKILL.md: sha256:0d4ee4f6bf89a864c98a21298e6def368c65226af66a32cf86b0d274e7ce467a
  .agents/skills/release-note-workflow/agents/openai.yaml: sha256:4413fdfcae90efd6d4de975f2e7c53625bdf1e214a32e1b54a65fff9f6258453
  .agents/skills/rollout-workflow/README.md: sha256:0112ca12803eefba888d18c3f83def9ee5f139fe6cb763893f653e5979b97e97
  .agents/skills/rollout-workflow/SKILL.md: sha256:388562861550934c88ba19566fc6d1b9fbe9f528a44d62de4c7337bac327d225
  .agents/skills/rollout-workflow/agents/openai.yaml: sha256:543a7befd986c51540ef35603fe63830f5032dc02b31f89e7f2179df3b3ca5dc
  .agents/skills/security-check/README.md: sha256:d321689b998388180ac852fdb6374ab3b79bec508a53d00461a9db79fb246d2e
  .agents/skills/security-check/SKILL.md: sha256:38a16b5c97577ac532c4c685164a67b887992493e6fce1d41105a5d3ea32c06f
  .agents/skills/security-check/agents/openai.yaml: sha256:87edf0cc1e8717194d0c536f2d5ac0cc1ac9ec04402311d34e953d2e2b23fa19
  .agents/skills/security-check/references/artifact-inspection.md: sha256:9842555f4789e77e6cf3d22b000116497207ecf6fa5587f2b1fe0dc20e7dffda
  .agents/skills/security-check/references/external-code-execution.md: sha256:87ca817baa02ef6b955e5878f0cd79c875abdb0be6e0177cfce158968e628bc3
  .agents/skills/skill-quality-check/README.md: sha256:f4ec14bdc1b75a3b13be6e1048ae803910e180e49bbcb1f8347630fc920212c9
  .agents/skills/skill-quality-check/SKILL.md: sha256:beb7297913e131b1b0eeb6fa8654e05b2f28e7408cc08566530af9b814a4560a
  .agents/skills/skill-quality-check/agents/openai.yaml: sha256:dde624797ed750b9132f45378710cb6ea182a35705551b45d4b862bb6ce85805
  .agents/skills/skill-quality-check/references/authoring-best-practices.md: sha256:ee99db4ccc2c963d428d82ddc36a45fede2d26dcf15bc6bbfd1a0347c28ffd63
  .agents/skills/software-documentation-maintenance/README.md: sha256:df6442dbefc58dab91b442b51f3ca4a0af5938f844542d35a3c18a721b631861
  .agents/skills/software-documentation-maintenance/SKILL.md: sha256:0932e99396f223467efa0dee704487350a5bb8106e43513a494e6ec3144e50b9
  .agents/skills/software-documentation-maintenance/agents/openai.yaml: sha256:ee6ff516cfb6b9d7a76bacd166c461bc79cd012e0a7e7683aada95e1b5d1ff14
  .agents/skills/unity-game-analyze/README.md: sha256:844d7294c5867870315e0a2d521d59654e9b0f4ee14885902ceca84ba7c70ec7
  .agents/skills/unity-game-analyze/SKILL.md: sha256:68481c536fbfbda49b8c6e1a74f55faf4ce48c14006efeb13b37a83509e4e7d9
  .agents/skills/unity-game-analyze/agents/openai.yaml: sha256:d6b6ee37197ee95d8a81bddeabc3ccc6a87b80dababa874ed5ab514e317f3088
  .agents/skills/unity-game-analyze/references/code-tracing.md: sha256:7ec15d19d81273ffaba3395edfd9817a811237dc44c71a96c05bd1bc64a83afa
  .agents/skills/unity-game-analyze/references/evidence-handoff.md: sha256:bdc6e5335830d6fd528058ceab22f9d9a8595aad5bc7a520b29a2f3aa14b79d2
  .agents/skills/unity-game-analyze/references/serialized-assets.md: sha256:19401734d5381193b5cd38c2bace359d95018848b83b7f69cade906908b7a735
  .agents/skills/unity-game-analyze/scripts/inventory_build.py: sha256:8b93aa49165b8f0f406321336fbe08c7383677b13d0049af76fc64ec2313bddd
  .agents/skills/unity-game-analyze/scripts/inventory_build.py.lock: sha256:016afc221516f1724533f1623ec77ef8a9a80c06a1ffae431f32f5e063e59986
